
Microsoft Visual Studio Solution File, Format Version 12.00
Project("{FAE04EC0-301F-11D3-BF4B-00C04F79EFBC}") = "ContainerShip.Assignment2", "ContainerShip.Assignment2\ContainerShip.Assignment2.csproj", "{5AF4D159-E381-4938-9D4B-9C3CBFB2C34B}"
EndProject
Global
	GlobalSection(SolutionConfigurationPlatforms) = preSolution
		Debug|Any CPU = Debug|Any CPU
		Release|Any CPU = Release|Any CPU
	EndGlobalSection
	GlobalSection(ProjectConfigurationPlatforms) = postSolution
		{5AF4D159-E381-4938-9D4B-9C3CBFB2C34B}.Debug|Any CPU.ActiveCfg = Debug|Any CPU
		{5AF4D159-E381-4938-9D4B-9C3CBFB2C34B}.Debug|Any CPU.Build.0 = Debug|Any CPU
		{5AF4D159-E381-4938-9D4B-9C3CBFB2C34B}.Release|Any CPU.ActiveCfg = Release|Any CPU
		{5AF4D159-E381-4938-9D4B-9C3CBFB2C34B}.Release|Any CPU.Build.0 = Release|Any CPU
	EndGlobalSection
EndGlobal
